
Microsoft Visual Studio Solution File, Format Version 12.00
# Visual Studio Version 16
VisualStudioVersion = 16.0.33214.272
MinimumVisualStudioVersion = 10.0.40219.1
Project("{FAE04EC0-301F-11D3-BF4B-00C04F79EFBC}") = "Projeto_Interdisciplinar", "Projeto_Interdisciplinar.csproj", "{012A5759-B82D-4281-B5C6-AA01151B3371}"
EndProject
Global
	GlobalSection(SolutionConfigurationPlatforms) = preSolution
		Debug|Any CPU = Debug|Any CPU
		Release|Any CPU = Release|Any CPU
	EndGlobalSection
	GlobalSection(ProjectConfigurationPlatforms) = postSolution
		{012A5759-B82D-4281-B5C6-AA01151B3371}.Debug|Any CPU.ActiveCfg = Debug|Any CPU
		{012A5759-B82D-4281-B5C6-AA01151B3371}.Debug|Any CPU.Build.0 = Debug|Any CPU
		{012A5759-B82D-4281-B5C6-AA01151B3371}.Release|Any CPU.ActiveCfg = Release|Any CPU
		{012A5759-B82D-4281-B5C6-AA01151B3371}.Release|Any CPU.Build.0 = Release|Any CPU
	EndGlobalSection
	GlobalSection(SolutionProperties) = preSolution
		HideSolutionNode = FALSE
	EndGlobalSection
	GlobalSection(ExtensibilityGlobals) = postSolution
		SolutionGuid = {09A1471C-9CC3-4369-A297-08ED3D1CA38C}
	EndGlobalSection
EndGlobal
